{
  "version": 4,
  "terraform_version": "1.3.4",
  "serial": 17,
  "lineage": "2547c9cd-342e-cf94-5f80-2eaaea152b0e",
  "outputs": {
    "kubernetes_cluster_host": {
      "value": "35.224.151.248",
      "type": "string"
    },
    "kubernetes_cluster_name": {
      "value": "jgomez-test-gke",
      "type": "string"
    },
    "project_id": {
      "value": "jgomez-test",
      "type": "string"
    },
    "region": {
      "value": "us-central1",
      "type": "string"
    }
  },
  "resources": [
    {
      "mode": "managed",
      "type": "google_compute_network",
      "name": "vpc",
      "provider": "provider[\"registry.terraform.io/hashicorp/google\"]",
      "instances": [
        {
          "schema_version": 0,
          "attributes": {
            "auto_create_subnetworks": false,
            "delete_default_routes_on_create": false,
            "description": "",
            "enable_ula_internal_ipv6": false,
            "gateway_ipv4": "",
            "id": "projects/jgomez-test/global/networks/jgomez-test-vpc",
            "internal_ipv6_range": "",
            "mtu": 0,
            "name": "jgomez-test-vpc",
            "project": "jgomez-test",
            "routing_mode": "REGIONAL",
            "self_link": "https://www.googleapis.com/compute/v1/projects/jgomez-test/global/networks/jgomez-test-vpc",
            "timeouts": null
          },
          "sensitive_attributes": [],
          "private": "eyJlMmJmYjczMC1lY2FhLTExZTYtOGY4OC0zNDM2M2JjN2M0YzAiOnsiY3JlYXRlIjoxMjAwMDAwMDAwMDAwLCJkZWxldGUiOjEyMDAwMDAwMDAwMDAsInVwZGF0ZSI6MTIwMDAwMDAwMDAwMH19"
        }
      ]
    },
    {
      "mode": "managed",
      "type": "google_compute_subnetwork",
      "name": "subnet",
      "provider": "provider[\"registry.terraform.io/hashicorp/google\"]",
      "instances": [
        {
          "schema_version": 0,
          "attributes": {
            "creation_timestamp": "2022-11-10T13:59:14.632-08:00",
            "description": "",
            "external_ipv6_prefix": "",
            "fingerprint": null,
            "gateway_address": "10.10.0.1",
            "id": "projects/jgomez-test/regions/us-central1/subnetworks/jgomez-test-subnet",
            "ip_cidr_range": "10.10.0.0/24",
            "ipv6_access_type": "",
            "ipv6_cidr_range": "",
            "log_config": [],
            "name": "jgomez-test-subnet",
            "network": "https://www.googleapis.com/compute/v1/projects/jgomez-test/global/networks/jgomez-test-vpc",
            "private_ip_google_access": false,
            "private_ipv6_google_access": "DISABLE_GOOGLE_ACCESS",
            "project": "jgomez-test",
            "purpose": "PRIVATE",
            "region": "us-central1",
            "role": "",
            "secondary_ip_range": [],
            "self_link": "https://www.googleapis.com/compute/v1/projects/jgomez-test/regions/us-central1/subnetworks/jgomez-test-subnet",
            "stack_type": "IPV4_ONLY",
            "timeouts": null
          },
          "sensitive_attributes": [],
          "private": "eyJlMmJmYjczMC1lY2FhLTExZTYtOGY4OC0zNDM2M2JjN2M0YzAiOnsiY3JlYXRlIjoxMjAwMDAwMDAwMDAwLCJkZWxldGUiOjEyMDAwMDAwMDAwMDAsInVwZGF0ZSI6MTIwMDAwMDAwMDAwMH19",
          "dependencies": [
            "google_compute_network.vpc"
          ]
        }
      ]
    },
    {
      "mode": "managed",
      "type": "google_container_cluster",
      "name": "primary",
      "provider": "provider[\"registry.terraform.io/hashicorp/google\"]",
      "instances": [
        {
          "schema_version": 1,
          "attributes": {
            "addons_config": [
              {
                "cloudrun_config": [],
                "gcp_filestore_csi_driver_config": [],
                "horizontal_pod_autoscaling": [],
                "http_load_balancing": [],
                "network_policy_config": [
                  {
                    "disabled": true
                  }
                ]
              }
            ],
            "authenticator_groups_config": [],
            "cluster_autoscaling": [
              {
                "auto_provisioning_defaults": [],
                "enabled": false,
                "resource_limits": []
              }
            ],
            "cluster_ipv4_cidr": "10.224.0.0/14",
            "confidential_nodes": [],
            "database_encryption": [
              {
                "key_name": "",
                "state": "DECRYPTED"
              }
            ],
            "datapath_provider": "",
            "default_max_pods_per_node": null,
            "default_snat_status": [
              {
                "disabled": false
              }
            ],
            "description": "",
            "dns_config": [],
            "enable_autopilot": false,
            "enable_binary_authorization": false,
            "enable_intranode_visibility": false,
            "enable_kubernetes_alpha": false,
            "enable_legacy_abac": false,
            "enable_shielded_nodes": true,
            "enable_tpu": false,
            "endpoint": "35.224.151.248",
            "id": "projects/jgomez-test/locations/us-central1/clusters/jgomez-test-gke",
            "initial_node_count": 1,
            "ip_allocation_policy": [],
            "label_fingerprint": "a9dc16a7",
            "location": "us-central1",
            "logging_config": [
              {
                "enable_components": [
                  "SYSTEM_COMPONENTS",
                  "WORKLOADS"
                ]
              }
            ],
            "logging_service": "logging.googleapis.com/kubernetes",
            "maintenance_policy": [],
            "master_auth": [
              {
                "client_certificate": "",
                "client_certificate_config": [
                  {
                    "issue_client_certificate": false
                  }
                ],
                "client_key": "",
                "cluster_ca_certificate": "LS0tLS1CRUdJTiBDRVJUSUZJQ0FURS0tLS0tCk1JSUVMRENDQXBTZ0F3SUJBZ0lRYTBkOXVsWkE0SFMrNXNUM2QxQUZPREFOQmdrcWhraUc5dzBCQVFzRkFEQXYKTVMwd0t3WURWUVFERXlRNE9HTm1ZVEE1Tmkwd056ZzFMVFJsWkRFdE9HRTROUzA1WldGaVpHSTRPVEZqTURRdwpJQmNOTWpJeE1URXdNakExT1RJMldoZ1BNakExTWpFeE1ESXlNVFU1TWpaYU1DOHhMVEFyQmdOVkJBTVRKRGc0ClkyWmhNRGsyTFRBM09EVXROR1ZrTVMwNFlUZzFMVGxsWVdKa1lqZzVNV013TkRDQ0FhSXdEUVlKS29aSWh2Y04KQVFFQkJRQURnZ0dQQURDQ0FZb0NnZ0dCQU9nd1ExczRUYWIxQjhoK25yVjJiVk0wbnRvWVRLcUhScmw3N25PVgpOZWl5eFI0eGFXU2Fzb3dvS1JKc2JySzlKTXQwejFKc1p6cWdLQVZFSkwwQ0N3N29ieTJlejNYSkVCNWh4SjJJCnNQOSthSk9CZVN2WHFKcTBlWWp3dXg2aDNrTjRxbTNOdk05NEw0TVVLUXFEUEFmb1k0VnJOcmdhdUliOVF0dzgKZW5jTTc2enhHVkcyaTZYLzVhTFYvc282dVFGY0pnbFFCOFRONDB1bUI0UjNyV0pjaFdVRVgwemF4ODNVTzQwbQpPWS9oVExsbUpoSGlialVYL0RKUVpRU01OczZDeitHMjYwdlpnS0ZBeTgwVW5jczJINVNxSjVwM3JIVVYyQXhQClViTTltNkxCeFZEOERIcTA1ak5YcGR1eFlxcWhTTTNkUTVVbVo2TFU1UEtOMWl5M0tQcG1MMEN2VDhjZnFVakoKTk80VXJtV0RvSTZ1djdCdXA4SlpuMEppZ2x5c0VIaUpQNmVuc1E4ZUpzNW1HWW91bUc0OVo1WFVLS1BEeUNwVAp4Nnd0aGJxcENpM2pqUk9jTHV3SzFJMWdiMDhWWldBQ3cxMEI2UGVqQlpua1hSVFFKVkNONzRIQW5jYkYwL0g0CitRTUxCUmpkY0FzNjlUVXYyZVVCTzFIa0x3SURBUUFCbzBJd1FEQU9CZ05WSFE4QkFmOEVCQU1DQWdRd0R3WUQKVlIwVEFRSC9CQVV3QXdFQi96QWRCZ05WSFE0RUZnUVVEcHJCb3hGL3FnR21MRUNncTlwalhwUW1EVDh3RFFZSgpLb1pJaHZjTkFRRUxCUUFEZ2dHQkFLNUhrbytaOUVLT0N6UTNzUVBXazI2V1RzRVB5cWx3YVJKUW9HVVVmc3FHCm8rdnNmS3N6MkRpS2FWbnZQOGNwaVNOcnlVQTYyWU9tMUZBNjFVVEkxWDBMalVBSHJZQ1VEUmFnTjFRUXZoNEUKajd4enV6elJjK2Fsc3NWMnZTV0JyZDV2T3BRNlJ3cmo5NTR4azQwcFJ1Zk1KendwOExtR1g5NjYzbXc2K1gwbQpIMUpUQWtHcy9CekJRMDlQZHk0LytJUUJhbFlXVnBDL0xiTkhFZGVpM2lCSnhETTF2bE5uc0c3YVQ5U3RPWkkvCmhGS0FIRUVybXN3L3ZwbDIxVkMvVVlBMlh2MWtZU21say9LOTc3T0ZTbUtFU0N4VjQvQXZRQmtBbGtNMXltREcKWEp6bDhvR0h4cEJYZURVcGdqeGU0dWk1S3UrVUFPbmZmaWZneVZPYkVnenlzeldkSjdyTkpJdWE5Mmp3aXRVZgpqTzhYaTVQbGZGblZmdFhJaVh2ZmN0b2IrNEhzZHA3WDFBOXd5b0RBbzYzMDh6OXhaUWRhZERncDl4UDh5U1RBCnd3QmpITXgvTEZSc0IxY3E4bldJTHAycjNyay85V0o4blcwMS92Q05WL3BCZmlDN1lJTkxFQVp2aE1JT3h2YzIKZWFRN09CaUxJRlplSmMyclNNdHhpQT09Ci0tLS0tRU5EIENFUlRJRklDQVRFLS0tLS0K"
              }
            ],
            "master_authorized_networks_config": [],
            "master_version": "1.23.8-gke.1900",
            "min_master_version": null,
            "monitoring_config": [
              {
                "enable_components": [
                  "SYSTEM_COMPONENTS"
                ]
              }
            ],
            "monitoring_service": "monitoring.googleapis.com/kubernetes",
            "name": "jgomez-test-gke",
            "network": "projects/jgomez-test/global/networks/jgomez-test-vpc",
            "network_policy": [
              {
                "enabled": false,
                "provider": "PROVIDER_UNSPECIFIED"
              }
            ],
            "networking_mode": "ROUTES",
            "node_config": [],
            "node_locations": [
              "us-central1-a",
              "us-central1-c",
              "us-central1-f"
            ],
            "node_pool": [],
            "node_version": "1.23.8-gke.1900",
            "operation": null,
            "private_cluster_config": [
              {
                "enable_private_endpoint": false,
                "enable_private_nodes": false,
                "master_global_access_config": [
                  {
                    "enabled": false
                  }
                ],
                "master_ipv4_cidr_block": "",
                "peering_name": "",
                "private_endpoint": "10.10.0.2",
                "public_endpoint": "35.224.151.248"
              }
            ],
            "private_ipv6_google_access": "",
            "project": "jgomez-test",
            "release_channel": [
              {
                "channel": "REGULAR"
              }
            ],
            "remove_default_node_pool": true,
            "resource_labels": null,
            "resource_usage_export_config": [],
            "self_link": "https://container.googleapis.com/v1/projects/jgomez-test/locations/us-central1/clusters/jgomez-test-gke",
            "services_ipv4_cidr": "10.227.240.0/20",
            "subnetwork": "projects/jgomez-test/regions/us-central1/subnetworks/jgomez-test-subnet",
            "timeouts": null,
            "tpu_ipv4_cidr_block": "",
            "vertical_pod_autoscaling": [],
            "workload_identity_config": []
          },
          "sensitive_attributes": [],
          "private": "eyJlMmJmYjczMC1lY2FhLTExZTYtOGY4OC0zNDM2M2JjN2M0YzAiOnsiY3JlYXRlIjoyNDAwMDAwMDAwMDAwLCJkZWxldGUiOjI0MDAwMDAwMDAwMDAsInJlYWQiOjI0MDAwMDAwMDAwMDAsInVwZGF0ZSI6MzYwMDAwMDAwMDAwMH0sInNjaGVtYV92ZXJzaW9uIjoiMSJ9",
          "dependencies": [
            "google_compute_network.vpc",
            "google_compute_subnetwork.subnet"
          ]
        }
      ]
    },
    {
      "mode": "managed",
      "type": "google_container_node_pool",
      "name": "primary_nodes",
      "provider": "provider[\"registry.terraform.io/hashicorp/google\"]",
      "instances": [
        {
          "schema_version": 1,
          "attributes": {
            "autoscaling": [],
            "cluster": "jgomez-test-gke",
            "id": "projects/jgomez-test/locations/us-central1/clusters/jgomez-test-gke/nodePools/jgomez-test-gke",
            "initial_node_count": 2,
            "instance_group_urls": [
              "https://www.googleapis.com/compute/v1/projects/jgomez-test/zones/us-central1-c/instanceGroupManagers/gke-jgomez-test-gke-jgomez-test-gke-236ccfab-grp",
              "https://www.googleapis.com/compute/v1/projects/jgomez-test/zones/us-central1-a/instanceGroupManagers/gke-jgomez-test-gke-jgomez-test-gke-d73a4565-grp",
              "https://www.googleapis.com/compute/v1/projects/jgomez-test/zones/us-central1-f/instanceGroupManagers/gke-jgomez-test-gke-jgomez-test-gke-fe045b18-grp"
            ],
            "location": "us-central1",
            "managed_instance_group_urls": [
              "https://www.googleapis.com/compute/v1/projects/jgomez-test/zones/us-central1-c/instanceGroups/gke-jgomez-test-gke-jgomez-test-gke-236ccfab-grp",
              "https://www.googleapis.com/compute/v1/projects/jgomez-test/zones/us-central1-a/instanceGroups/gke-jgomez-test-gke-jgomez-test-gke-d73a4565-grp",
              "https://www.googleapis.com/compute/v1/projects/jgomez-test/zones/us-central1-f/instanceGroups/gke-jgomez-test-gke-jgomez-test-gke-fe045b18-grp"
            ],
            "management": [
              {
                "auto_repair": true,
                "auto_upgrade": true
              }
            ],
            "max_pods_per_node": null,
            "name": "jgomez-test-gke",
            "name_prefix": "",
            "node_config": [
              {
                "boot_disk_kms_key": "",
                "disk_size_gb": 100,
                "disk_type": "pd-standard",
                "gcfs_config": [],
                "guest_accelerator": [],
                "gvnic": [],
                "image_type": "COS_CONTAINERD",
                "labels": {
                  "env": "jgomez-test"
                },
                "local_ssd_count": 0,
                "machine_type": "n2-highcpu-2",
                "metadata": {
                  "disable-legacy-endpoints": "true"
                },
                "min_cpu_platform": "",
                "node_group": "",
                "oauth_scopes": [
                  "https://www.googleapis.com/auth/logging.write",
                  "https://www.googleapis.com/auth/monitoring"
                ],
                "preemptible": false,
                "service_account": "default",
                "shielded_instance_config": [
                  {
                    "enable_integrity_monitoring": true,
                    "enable_secure_boot": false
                  }
                ],
                "spot": false,
                "tags": [
                  "gke-node",
                  "jgomez-test-gke"
                ],
                "taint": [],
                "workload_metadata_config": []
              }
            ],
            "node_count": 2,
            "node_locations": [
              "us-central1-a",
              "us-central1-c",
              "us-central1-f"
            ],
            "operation": null,
            "project": "jgomez-test",
            "timeouts": null,
            "upgrade_settings": [
              {
                "max_surge": 1,
                "max_unavailable": 0
              }
            ],
            "version": "1.23.8-gke.1900"
          },
          "sensitive_attributes": [],
          "private": "eyJlMmJmYjczMC1lY2FhLTExZTYtOGY4OC0zNDM2M2JjN2M0YzAiOnsiY3JlYXRlIjoxODAwMDAwMDAwMDAwLCJkZWxldGUiOjE4MDAwMDAwMDAwMDAsInVwZGF0ZSI6MTgwMDAwMDAwMDAwMH0sInNjaGVtYV92ZXJzaW9uIjoiMSJ9",
          "dependencies": [
            "google_compute_network.vpc",
            "google_compute_subnetwork.subnet",
            "google_container_cluster.primary"
          ]
        }
      ]
    }
  ],
  "check_results": null
}
